{
  "name": "@lilevil/lunae",
  "version": "0.0.2",
  "lockfileVersion": 2,
  "requires": true,
  "packages": {
    "": {
      "name": "@lilevil/lunae",
      "version": "0.0.2",
      "license": "ISC",
      "dependencies": {
        "node-fetch": "^2.6.7",
        "uuid": "^8.3.2",
        "ws": "^8.8.0"
      },
      "devDependencies": {
        "@lilevil/cli": "^1.0.2"
      }
    },
    "node_modules/@lilevil/blessed": {
      "version": "0.1.81",
      "resolved": "https://registry.npmjs.org/@lilevil/blessed/-/blessed-0.1.81.tgz",
      "integrity": "sha512-tFZGU1mJPdEe1LWBzClBLwWYbWJ34oXNGKOZWTSLVqVjVDBsQB8McZaJVC0Vj07dfx9Hu2yjx55edrZCFdaDEw==",
      "dev": true,
      "dependencies": {
        "node-pty": "^0.10.1",
        "term.js": "^0.0.7"
      },
      "bin": {
        "blessed": "bin/tput.js"
      },
      "engines": {
        "node": ">= 0.8.0"
      }
    },
    "node_modules/@lilevil/cli": {
      "version": "1.0.2",
      "resolved": "https://registry.npmjs.org/@lilevil/cli/-/cli-1.0.2.tgz",
      "integrity": "sha512-Yzp9lJxF1jppDw8Pk5HM2HN+k4Iaj1LzGFK71k8FwnTBPsFG9omkTtgG7ocH05MeqOV0u7AWgI0wwGed0y59Gw==",
      "dev": true,
      "dependencies": {
        "@lilevil/blessed": "^0.1.81",
        "ansi-code": "^1.0.2"
      }
    },
    "node_modules/ansi-code": {
      "version": "1.0.2",
      "resolved": "https://registry.npmjs.org/ansi-code/-/ansi-code-1.0.2.tgz",
      "integrity": "sha512-hFMgjXnnUR1iDbXaFIPkzfoH0kPaM+q9sgFV7Dt0k3iMyJpzdPQSVWdRRkw4rIYZlaWNCwjYIAK0K/UWDScitQ==",
      "dev": true
    },
    "node_modules/nan": {
      "version": "2.16.0",
      "resolved": "https://registry.npmjs.org/nan/-/nan-2.16.0.tgz",
      "integrity": "sha512-UdAqHyFngu7TfQKsCBgAA6pWDkT8MAO7d0jyOecVhN5354xbLqdn8mV9Tat9gepAupm0bt2DbeaSC8vS52MuFA==",
      "dev": true
    },
    "node_modules/node-fetch": {
      "version": "2.6.7",
      "resolved": "https://registry.npmjs.org/node-fetch/-/node-fetch-2.6.7.tgz",
      "integrity": "sha512-ZjMPFEfVx5j+y2yF35Kzx5sF7kDzxuDj6ziH4FFbOp87zKDZNx8yExJIb05OGF4Nlt9IHFIMBkRl41VdvcNdbQ==",
      "dependencies": {
        "whatwg-url": "^5.0.0"
      },
      "engines": {
        "node": "4.x || >=6.0.0"
      },
      "peerDependencies": {
        "encoding": "^0.1.0"
      },
      "peerDependenciesMeta": {
        "encoding": {
          "optional": true
        }
      }
    },
    "node_modules/node-pty": {
      "version": "0.10.1",
      "resolved": "https://registry.npmjs.org/node-pty/-/node-pty-0.10.1.tgz",
      "integrity": "sha512-JTdtUS0Im/yRsWJSx7yiW9rtpfmxqxolrtnyKwPLI+6XqTAPW/O2MjS8FYL4I5TsMbH2lVgDb2VMjp+9LoQGNg==",
      "dev": true,
      "hasInstallScript": true,
      "dependencies": {
        "nan": "^2.14.0"
      }
    },
    "node_modules/term.js": {
      "version": "0.0.7",
      "resolved": "https://registry.npmjs.org/term.js/-/term.js-0.0.7.tgz",
      "integrity": "sha512-c65+7Z/51TDl/owjT2BrPHhMtJu5MjcvPWTC2oAV/ybzuwUCuj5/OQ08urfEHkQpfphyXs/zZRCjZfnSC3bntA==",
      "dev": true,
      "engines": {
        "node": ">= 0.8.0"
      }
    },
    "node_modules/tr46": {
      "version": "0.0.3",
      "resolved": "https://registry.npmjs.org/tr46/-/tr46-0.0.3.tgz",
      "integrity": "sha512-N3WMsuqV66lT30CrXNbEjx4GEwlow3v6rr4mCcv6prnfwhS01rkgyFdjPNBYd9br7LpXV1+Emh01fHnq2Gdgrw=="
    },
    "node_modules/uuid": {
      "version": "8.3.2",
      "resolved": "https://registry.npmjs.org/uuid/-/uuid-8.3.2.tgz",
      "integrity": "sha512-+NYs2QeMWy+GWFOEm9xnn6HCDp0l7QBD7ml8zLUmJ+93Q5NF0NocErnwkTkXVFNiX3/fpC6afS8Dhb/gz7R7eg==",
      "bin": {
        "uuid": "dist/bin/uuid"
      }
    },
    "node_modules/webidl-conversions": {
      "version": "3.0.1",
      "resolved": "https://registry.npmjs.org/webidl-conversions/-/webidl-conversions-3.0.1.tgz",
      "integrity": "sha512-2JAn3z8AR6rjK8Sm8orRC0h/bcl/DqL7tRPdGZ4I1CjdF+EaMLmYxBHyXuKL849eucPFhvBoxMsflfOb8kxaeQ=="
    },
    "node_modules/whatwg-url": {
      "version": "5.0.0",
      "resolved": "https://registry.npmjs.org/whatwg-url/-/whatwg-url-5.0.0.tgz",
      "integrity": "sha512-saE57nupxk6v3HY35+jzBwYa0rKSy0XR8JSxZPwgLr7ys0IBzhGviA1/TUGJLmSVqs8pb9AnvICXEuOHLprYTw==",
      "dependencies": {
        "tr46": "~0.0.3",
        "webidl-conversions": "^3.0.0"
      }
    },
    "node_modules/ws": {
      "version": "8.8.0",
      "resolved": "https://registry.npmjs.org/ws/-/ws-8.8.0.tgz",
      "integrity": "sha512-JDAgSYQ1ksuwqfChJusw1LSJ8BizJ2e/vVu5Lxjq3YvNJNlROv1ui4i+c/kUUrPheBvQl4c5UbERhTwKa6QBJQ==",
      "engines": {
        "node": ">=10.0.0"
      },
      "peerDependencies": {
        "bufferutil": "^4.0.1",
        "utf-8-validate": "^5.0.2"
      },
      "peerDependenciesMeta": {
        "bufferutil": {
          "optional": true
        },
        "utf-8-validate": {
          "optional": true
        }
      }
    }
  },
  "dependencies": {
    "@lilevil/blessed": {
      "version": "0.1.81",
      "resolved": "https://registry.npmjs.org/@lilevil/blessed/-/blessed-0.1.81.tgz",
      "integrity": "sha512-tFZGU1mJPdEe1LWBzClBLwWYbWJ34oXNGKOZWTSLVqVjVDBsQB8McZaJVC0Vj07dfx9Hu2yjx55edrZCFdaDEw==",
      "dev": true,
      "requires": {
        "node-pty": "^0.10.1",
        "term.js": "^0.0.7"
      }
    },
    "@lilevil/cli": {
      "version": "1.0.2",
      "resolved": "https://registry.npmjs.org/@lilevil/cli/-/cli-1.0.2.tgz",
      "integrity": "sha512-Yzp9lJxF1jppDw8Pk5HM2HN+k4Iaj1LzGFK71k8FwnTBPsFG9omkTtgG7ocH05MeqOV0u7AWgI0wwGed0y59Gw==",
      "dev": true,
      "requires": {
        "@lilevil/blessed": "^0.1.81",
        "ansi-code": "^1.0.2"
      }
    },
    "ansi-code": {
      "version": "1.0.2",
      "resolved": "https://registry.npmjs.org/ansi-code/-/ansi-code-1.0.2.tgz",
      "integrity": "sha512-hFMgjXnnUR1iDbXaFIPkzfoH0kPaM+q9sgFV7Dt0k3iMyJpzdPQSVWdRRkw4rIYZlaWNCwjYIAK0K/UWDScitQ==",
      "dev": true
    },
    "nan": {
      "version": "2.16.0",
      "resolved": "https://registry.npmjs.org/nan/-/nan-2.16.0.tgz",
      "integrity": "sha512-UdAqHyFngu7TfQKsCBgAA6pWDkT8MAO7d0jyOecVhN5354xbLqdn8mV9Tat9gepAupm0bt2DbeaSC8vS52MuFA==",
      "dev": true
    },
    "node-fetch": {
      "version": "2.6.7",
      "resolved": "https://registry.npmjs.org/node-fetch/-/node-fetch-2.6.7.tgz",
      "integrity": "sha512-ZjMPFEfVx5j+y2yF35Kzx5sF7kDzxuDj6ziH4FFbOp87zKDZNx8yExJIb05OGF4Nlt9IHFIMBkRl41VdvcNdbQ==",
      "requires": {
        "whatwg-url": "^5.0.0"
      }
    },
    "node-pty": {
      "version": "0.10.1",
      "resolved": "https://registry.npmjs.org/node-pty/-/node-pty-0.10.1.tgz",
      "integrity": "sha512-JTdtUS0Im/yRsWJSx7yiW9rtpfmxqxolrtnyKwPLI+6XqTAPW/O2MjS8FYL4I5TsMbH2lVgDb2VMjp+9LoQGNg==",
      "dev": true,
      "requires": {
        "nan": "^2.14.0"
      }
    },
    "term.js": {
      "version": "0.0.7",
      "resolved": "https://registry.npmjs.org/term.js/-/term.js-0.0.7.tgz",
      "integrity": "sha512-c65+7Z/51TDl/owjT2BrPHhMtJu5MjcvPWTC2oAV/ybzuwUCuj5/OQ08urfEHkQpfphyXs/zZRCjZfnSC3bntA==",
      "dev": true
    },
    "tr46": {
      "version": "0.0.3",
      "resolved": "https://registry.npmjs.org/tr46/-/tr46-0.0.3.tgz",
      "integrity": "sha512-N3WMsuqV66lT30CrXNbEjx4GEwlow3v6rr4mCcv6prnfwhS01rkgyFdjPNBYd9br7LpXV1+Emh01fHnq2Gdgrw=="
    },
    "uuid": {
      "version": "8.3.2",
      "resolved": "https://registry.npmjs.org/uuid/-/uuid-8.3.2.tgz",
      "integrity": "sha512-+NYs2QeMWy+GWFOEm9xnn6HCDp0l7QBD7ml8zLUmJ+93Q5NF0NocErnwkTkXVFNiX3/fpC6afS8Dhb/gz7R7eg=="
    },
    "webidl-conversions": {
      "version": "3.0.1",
      "resolved": "https://registry.npmjs.org/webidl-conversions/-/webidl-conversions-3.0.1.tgz",
      "integrity": "sha512-2JAn3z8AR6rjK8Sm8orRC0h/bcl/DqL7tRPdGZ4I1CjdF+EaMLmYxBHyXuKL849eucPFhvBoxMsflfOb8kxaeQ=="
    },
    "whatwg-url": {
      "version": "5.0.0",
      "resolved": "https://registry.npmjs.org/whatwg-url/-/whatwg-url-5.0.0.tgz",
      "integrity": "sha512-saE57nupxk6v3HY35+jzBwYa0rKSy0XR8JSxZPwgLr7ys0IBzhGviA1/TUGJLmSVqs8pb9AnvICXEuOHLprYTw==",
      "requires": {
        "tr46": "~0.0.3",
        "webidl-conversions": "^3.0.0"
      }
    },
    "ws": {
      "version": "8.8.0",
      "resolved": "https://registry.npmjs.org/ws/-/ws-8.8.0.tgz",
      "integrity": "sha512-JDAgSYQ1ksuwqfChJusw1LSJ8BizJ2e/vVu5Lxjq3YvNJNlROv1ui4i+c/kUUrPheBvQl4c5UbERhTwKa6QBJQ==",
      "requires": {}
    }
  }
}
